
Microsoft Visual Studio Solution File, Format Version 12.00
# Visual Studio Version 16
VisualStudioVersion = 16.0.31515.178
MinimumVisualStudioVersion = 10.0.40219.1
Project("{9A19103F-16F7-4668-BE54-9A1E7A4F7556}") = "Bisection", "Bisection.csproj", "{0ACE5231-547A-4697-9D4B-60B289A66395}"
EndProject
Project("{9A19103F-16F7-4668-BE54-9A1E7A4F7556}") = "FalsePositionMethod", "..\FalsePositionMethod\FalsePositionMethod.csproj", "{4048E4B9-942F-470C-BEBB-D5956989DCAA}"
EndProject
Project("{9A19103F-16F7-4668-BE54-9A1E7A4F7556}") = "NewtonRaphsonMethod", "..\NewtonRaphsonMethod\NewtonRaphsonMethod.csproj", "{B2391F78-2414-43E0-B407-C747CC3DD161}"
EndProject
Project("{9A19103F-16F7-4668-BE54-9A1E7A4F7556}") = "FixedPoint", "..\FixedPoint\FixedPoint.csproj", "{93495316-EC6C-4CCF-BF3F-21FAA492E0E9}"
EndProject
Project("{9A19103F-16F7-4668-BE54-9A1E7A4F7556}") = "Secant", "..\Secant\Secant.csproj", "{C94579F6-32ED-4E54-8704-C9DE721B6C4F}"
EndProject
Project("{9A19103F-16F7-4668-BE54-9A1E7A4F7556}") = "Muller", "..\Muller\Muller.csproj", "{B48143E5-4985-4762-9A8A-5089E88D5AFD}"
EndProject
Project("{FAE04EC0-301F-11D3-BF4B-00C04F79EFBC}") = "Halley", "..\Halley\Halley.csproj", "{B522175B-2630-475E-BAB7-48240AF3A2C1}"
EndProject
Global
	GlobalSection(SolutionConfigurationPlatforms) = preSolution
		Debug|Any CPU = Debug|Any CPU
		Release|Any CPU = Release|Any CPU
	EndGlobalSection
	GlobalSection(ProjectConfigurationPlatforms) = postSolution
		{0ACE5231-547A-4697-9D4B-60B289A66395}.Debug|Any CPU.ActiveCfg = Debug|Any CPU
		{0ACE5231-547A-4697-9D4B-60B289A66395}.Debug|Any CPU.Build.0 = Debug|Any CPU
		{0ACE5231-547A-4697-9D4B-60B289A66395}.Release|Any CPU.ActiveCfg = Release|Any CPU
		{0ACE5231-547A-4697-9D4B-60B289A66395}.Release|Any CPU.Build.0 = Release|Any CPU
		{4048E4B9-942F-470C-BEBB-D5956989DCAA}.Debug|Any CPU.ActiveCfg = Debug|Any CPU
		{4048E4B9-942F-470C-BEBB-D5956989DCAA}.Debug|Any CPU.Build.0 = Debug|Any CPU
		{4048E4B9-942F-470C-BEBB-D5956989DCAA}.Release|Any CPU.ActiveCfg = Release|Any CPU
		{4048E4B9-942F-470C-BEBB-D5956989DCAA}.Release|Any CPU.Build.0 = Release|Any CPU
		{B2391F78-2414-43E0-B407-C747CC3DD161}.Debug|Any CPU.ActiveCfg = Debug|Any CPU
		{B2391F78-2414-43E0-B407-C747CC3DD161}.Debug|Any CPU.Build.0 = Debug|Any CPU
		{B2391F78-2414-43E0-B407-C747CC3DD161}.Release|Any CPU.ActiveCfg = Release|Any CPU
		{B2391F78-2414-43E0-B407-C747CC3DD161}.Release|Any CPU.Build.0 = Release|Any CPU
		{93495316-EC6C-4CCF-BF3F-21FAA492E0E9}.Debug|Any CPU.ActiveCfg = Debug|Any CPU
		{93495316-EC6C-4CCF-BF3F-21FAA492E0E9}.Debug|Any CPU.Build.0 = Debug|Any CPU
		{93495316-EC6C-4CCF-BF3F-21FAA492E0E9}.Release|Any CPU.ActiveCfg = Release|Any CPU
		{93495316-EC6C-4CCF-BF3F-21FAA492E0E9}.Release|Any CPU.Build.0 = Release|Any CPU
		{C94579F6-32ED-4E54-8704-C9DE721B6C4F}.Debug|Any CPU.ActiveCfg = Debug|Any CPU
		{C94579F6-32ED-4E54-8704-C9DE721B6C4F}.Debug|Any CPU.Build.0 = Debug|Any CPU
		{C94579F6-32ED-4E54-8704-C9DE721B6C4F}.Release|Any CPU.ActiveCfg = Release|Any CPU
		{C94579F6-32ED-4E54-8704-C9DE721B6C4F}.Release|Any CPU.Build.0 = Release|Any CPU
		{B48143E5-4985-4762-9A8A-5089E88D5AFD}.Debug|Any CPU.ActiveCfg = Debug|Any CPU
		{B48143E5-4985-4762-9A8A-5089E88D5AFD}.Debug|Any CPU.Build.0 = Debug|Any CPU
		{B48143E5-4985-4762-9A8A-5089E88D5AFD}.Release|Any CPU.ActiveCfg = Release|Any CPU
		{B48143E5-4985-4762-9A8A-5089E88D5AFD}.Release|Any CPU.Build.0 = Release|Any CPU
		{B522175B-2630-475E-BAB7-48240AF3A2C1}.Debug|Any CPU.ActiveCfg = Debug|Any CPU
		{B522175B-2630-475E-BAB7-48240AF3A2C1}.Debug|Any CPU.Build.0 = Debug|Any CPU
		{B522175B-2630-475E-BAB7-48240AF3A2C1}.Release|Any CPU.ActiveCfg = Release|Any CPU
		{B522175B-2630-475E-BAB7-48240AF3A2C1}.Release|Any CPU.Build.0 = Release|Any CPU
	EndGlobalSection
	GlobalSection(SolutionProperties) = preSolution
		HideSolutionNode = FALSE
	EndGlobalSection
	GlobalSection(ExtensibilityGlobals) = postSolution
		SolutionGuid = {AE32BCF8-E293-492E-A821-37BC6466BA18}
	EndGlobalSection
EndGlobal
